
Microsoft Visual Studio Solution File, Format Version 12.00
# Visual Studio Version 17
VisualStudioVersion = 17.14.36518.9
MinimumVisualStudioVersion = 10.0.40219.1
Project("{FAE04EC0-301F-11D3-BF4B-00C04F79EFBC}") = "LanChat - Server", "LanChat - Server\LanChat - Server.csproj", "{45CC0AC6-2B9D-4194-A342-E47651080383}"
EndProject
Project("{FAE04EC0-301F-11D3-BF4B-00C04F79EFBC}") = "LanChat - Client - ConsoleAppDemo", "LanChat - Client - ConsoleAppDemo\LanChat - Client - ConsoleAppDemo.csproj", "{C68A42C8-2541-4294-B757-1D713286954D}"
EndProject
Project("{FAE04EC0-301F-11D3-BF4B-00C04F79EFBC}") = "LanChat - Client", "LanChan - Client\LanChat - Client.csproj", "{C9DE9480-7772-4CB7-B51B-10491D145A22}"
EndProject
Global
	GlobalSection(SolutionConfigurationPlatforms) = preSolution
		Debug|Any CPU = Debug|Any CPU
		Release|Any CPU = Release|Any CPU
	EndGlobalSection
	GlobalSection(ProjectConfigurationPlatforms) = postSolution
		{45CC0AC6-2B9D-4194-A342-E47651080383}.Debug|Any CPU.ActiveCfg = Debug|Any CPU
		{45CC0AC6-2B9D-4194-A342-E47651080383}.Debug|Any CPU.Build.0 = Debug|Any CPU
		{45CC0AC6-2B9D-4194-A342-E47651080383}.Release|Any CPU.ActiveCfg = Release|Any CPU
		{45CC0AC6-2B9D-4194-A342-E47651080383}.Release|Any CPU.Build.0 = Release|Any CPU
		{C68A42C8-2541-4294-B757-1D713286954D}.Debug|Any CPU.ActiveCfg = Debug|Any CPU
		{C68A42C8-2541-4294-B757-1D713286954D}.Debug|Any CPU.Build.0 = Debug|Any CPU
		{C68A42C8-2541-4294-B757-1D713286954D}.Release|Any CPU.ActiveCfg = Release|Any CPU
		{C68A42C8-2541-4294-B757-1D713286954D}.Release|Any CPU.Build.0 = Release|Any CPU
		{C9DE9480-7772-4CB7-B51B-10491D145A22}.Debug|Any CPU.ActiveCfg = Debug|Any CPU
		{C9DE9480-7772-4CB7-B51B-10491D145A22}.Debug|Any CPU.Build.0 = Debug|Any CPU
		{C9DE9480-7772-4CB7-B51B-10491D145A22}.Release|Any CPU.ActiveCfg = Release|Any CPU
		{C9DE9480-7772-4CB7-B51B-10491D145A22}.Release|Any CPU.Build.0 = Release|Any CPU
	EndGlobalSection
	GlobalSection(SolutionProperties) = preSolution
		HideSolutionNode = FALSE
	EndGlobalSection
	GlobalSection(ExtensibilityGlobals) = postSolution
		SolutionGuid = {D0BA9777-3E1D-470C-A7B1-4205B5842ADE}
	EndGlobalSection
EndGlobal
